{
  "name": "litigation-case-agent-tools",
  "lockfileVersion": 3,
  "requires": true,
  "packages": {
    "": {
      "name": "litigation-case-agent-tools",
      "dependencies": {
        "camscanner-cli": "^1.1.6"
      }
    },
    "node_modules/@camscanner-cli/darwin-arm64": {
      "version": "1.1.6",
      "resolved": "https://registry.npmjs.org/@camscanner-cli/darwin-arm64/-/darwin-arm64-1.1.6.tgz",
      "integrity": "sha512-PHbwTu0Q+/Td/WhtcMwFpczwJXsl9E/H9fbrLQzSuLgQ/ZcV9JyhUyLeRJqf5lLzlwtEMTJdlEZqvs2gzjHPpQ==",
      "cpu": [
        "arm64"
      ],
      "license": "UNLICENSED",
      "optional": true,
      "os": [
        "darwin"
      ]
    },
    "node_modules/@camscanner-cli/darwin-x64": {
      "version": "1.1.6",
      "resolved": "https://registry.npmjs.org/@camscanner-cli/darwin-x64/-/darwin-x64-1.1.6.tgz",
      "integrity": "sha512-RUVSz7bTkHyuBSna7qb5V7onn8IbeN6iW3xInGKAWbfvXkKrh59SFB+aTKRclyKtdKp6HE2DNcdKbuiw049O6w==",
      "cpu": [
        "x64"
      ],
      "license": "UNLICENSED",
      "optional": true,
      "os": [
        "darwin"
      ]
    },
    "node_modules/@camscanner-cli/linux-arm64": {
      "version": "1.1.6",
      "resolved": "https://registry.npmjs.org/@camscanner-cli/linux-arm64/-/linux-arm64-1.1.6.tgz",
      "integrity": "sha512-kANquEJBQcw5nC1SQ0Ubm1Gq9G7IEIrcSD2zdKqghE8GQey5OtYhi2W4GcIFYHv9hrxmTU1SBtuk9B/JtJ/fsA==",
      "cpu": [
        "arm64"
      ],
      "license": "UNLICENSED",
      "optional": true,
      "os": [
        "linux"
      ]
    },
    "node_modules/@camscanner-cli/linux-x64": {
      "version": "1.1.6",
      "resolved": "https://registry.npmjs.org/@camscanner-cli/linux-x64/-/linux-x64-1.1.6.tgz",
      "integrity": "sha512-Cs5VAfJgR5yPILejjKONBaPyB237s9IW0lpuCaGBGA8FkOc6IVvJNkfGvLetGYluJw3BA/KEa97US0HVaNboRg==",
      "cpu": [
        "x64"
      ],
      "license": "UNLICENSED",
      "optional": true,
      "os": [
        "linux"
      ]
    },
    "node_modules/@camscanner-cli/win32-arm64": {
      "version": "1.1.6",
      "resolved": "https://registry.npmjs.org/@camscanner-cli/win32-arm64/-/win32-arm64-1.1.6.tgz",
      "integrity": "sha512-y6xu72uQPWr3fZO5/ohI9I9mZJvTtY9AJbliCS1bR49IyR4viYSSUFZVYaL/FAR0Vc5sesYL009h1MB6Yc90sA==",
      "cpu": [
        "arm64"
      ],
      "license": "UNLICENSED",
      "optional": true,
      "os": [
        "win32"
      ]
    },
    "node_modules/@camscanner-cli/win32-x64": {
      "version": "1.1.6",
      "resolved": "https://registry.npmjs.org/@camscanner-cli/win32-x64/-/win32-x64-1.1.6.tgz",
      "integrity": "sha512-gC0OW4l/YD+q8zfSI1ZFMFW1WhG6XoB3JN8yhigVdNooG4DBBm11ZDUhAG8lzWhtQeqLSjnQ+fH0mOGPxh5Jmg==",
      "cpu": [
        "x64"
      ],
      "license": "UNLICENSED",
      "optional": true,
      "os": [
        "win32"
      ]
    },
    "node_modules/camscanner-cli": {
      "version": "1.1.6",
      "resolved": "https://registry.npmjs.org/camscanner-cli/-/camscanner-cli-1.1.6.tgz",
      "integrity": "sha512-V4LvMpD2InonMRCrA7ZYs5JIaIuZg5+/080fc77qfQH06wJm+qbZHTiMeGV/MnoHvBDE21ldc5E4mz/BN/03Kg==",
      "license": "UNLICENSED",
      "bin": {
        "camscanner-cli": "bin/run.js"
      },
      "optionalDependencies": {
        "@camscanner-cli/darwin-arm64": "1.1.6",
        "@camscanner-cli/darwin-x64": "1.1.6",
        "@camscanner-cli/linux-arm64": "1.1.6",
        "@camscanner-cli/linux-x64": "1.1.6",
        "@camscanner-cli/win32-arm64": "1.1.6",
        "@camscanner-cli/win32-x64": "1.1.6"
      }
    }
  }
}
